// !$*UTF8*$!
{
	archiveVersion = 1;
	classes = {
	};
	objectVersion = 56;
	objects = {

/* Begin PBXBuildFile section */
		A82DAEE02C2083F500E18665 /* FaceMemoApp.swift in Sources */ = {isa = PBXBuildFile; fileRef = A82DAEDF2C2083F500E18665 /* FaceMemoApp.swift */; };
		A82DAEE22C2083F500E18665 /* ContentView.swift in Sources */ = {isa = PBXBuildFile; fileRef = A82DAEE12C2083F500E18665 /* ContentView.swift */; };
		A82DAEE42C2083F600E18665 /* Assets.xcassets in Resources */ = {isa = PBXBuildFile; fileRef = A82DAEE32C2083F600E18665 /* Assets.xcassets */; };
		A82DAEE72C2083F600E18665 /* Preview Assets.xcassets in Resources */ = {isa = PBXBuildFile; fileRef = A82DAEE62C2083F600E18665 /* Preview Assets.xcassets */; };
		A82DAEE92C2083F600E18665 /* Persistence.swift in Sources */ = {isa = PBXBuildFile; fileRef = A82DAEE82C2083F600E18665 /* Persistence.swift */; };
		A82DAEEC2C2083F600E18665 /* FaceMemoApp.xcdatamodeld in Sources */ = {isa = PBXBuildFile; fileRef = A82DAEEA2C2083F600E18665 /* FaceMemoApp.xcdatamodeld */; };
		A82DAEFD2C20881800E18665 /* HomeView.swift in Sources */ = {isa = PBXBuildFile; fileRef = A82DAEFC2C20881800E18665 /* HomeView.swift */; };
		A82DAF012C20889F00E18665 /* TabBarView.swift in Sources */ = {isa = PBXBuildFile; fileRef = A82DAF002C20889F00E18665 /* TabBarView.swift */; };
		A82DAF032C2088A900E18665 /* Tabs.swift in Sources */ = {isa = PBXBuildFile; fileRef = A82DAF022C2088A900E18665 /* Tabs.swift */; };
		A82DAF052C208AD100E18665 /* Constants.swift in Sources */ = {isa = PBXBuildFile; fileRef = A82DAF042C208AD100E18665 /* Constants.swift */; };
		A82DAF072C208EEB00E18665 /* CustomBlurView.swift in Sources */ = {isa = PBXBuildFile; fileRef = A82DAF062C208EEB00E18665 /* CustomBlurView.swift */; };
/* End PBXBuildFile section */

/* Begin PBXFileReference section */
		A82DAEDC2C2083F500E18665 /* FaceMemoApp.app */ = {isa = PBXFileReference; explicitFileType = wrapper.application; includeInIndex = 0; path = FaceMemoApp.app; sourceTree = BUILT_PRODUCTS_DIR; };
		A82DAEDF2C2083F500E18665 /* FaceMemoApp.swift */ = {isa = PBXFileReference; lastKnownFileType = sourcecode.swift; path = FaceMemoApp.swift; sourceTree = "<group>"; };
		A82DAEE12C2083F500E18665 /* ContentView.swift */ = {isa = PBXFileReference; lastKnownFileType = sourcecode.swift; path = ContentView.swift; sourceTree = "<group>"; };
		A82DAEE32C2083F600E18665 /* Assets.xcassets */ = {isa = PBXFileReference; lastKnownFileType = folder.assetcatalog; path = Assets.xcassets; sourceTree = "<group>"; };
		A82DAEE62C2083F600E18665 /* Preview Assets.xcassets */ = {isa = PBXFileReference; lastKnownFileType = folder.assetcatalog; path = "Preview Assets.xcassets"; sourceTree = "<group>"; };
		A82DAEE82C2083F600E18665 /* Persistence.swift */ = {isa = PBXFileReference; lastKnownFileType = sourcecode.swift; path = Persistence.swift; sourceTree = "<group>"; };
		A82DAEEB2C2083F600E18665 /* FaceMemoApp.xcdatamodel */ = {isa = PBXFileReference; lastKnownFileType = wrapper.xcdatamodel; path = FaceMemoApp.xcdatamodel; sourceTree = "<group>"; };
		A82DAEFC2C20881800E18665 /* HomeView.swift */ = {isa = PBXFileReference; lastKnownFileType = sourcecode.swift; path = HomeView.swift; sourceTree = "<group>"; };
		A82DAF002C20889F00E18665 /* TabBarView.swift */ = {isa = PBXFileReference; lastKnownFileType = sourcecode.swift; path = TabBarView.swift; sourceTree = "<group>"; };
		A82DAF022C2088A900E18665 /* Tabs.swift */ = {isa = PBXFileReference; lastKnownFileType = sourcecode.swift; path = Tabs.swift; sourceTree = "<group>"; };
		A82DAF042C208AD100E18665 /* Constants.swift */ = {isa = PBXFileReference; lastKnownFileType = sourcecode.swift; path = Constants.swift; sourceTree = "<group>"; };
		A82DAF062C208EEB00E18665 /* CustomBlurView.swift */ = {isa = PBXFileReference; lastKnownFileType = sourcecode.swift; path = CustomBlurView.swift; sourceTree = "<group>"; };
/* End PBXFileReference section */

/* Begin PBXFrameworksBuildPhase section */
		A82DAED92C2083F500E18665 /* Frameworks */ = {
			isa = PBXFrameworksBuildPhase;
			buildActionMask = 2147483647;
			files = (
			);
			runOnlyForDeploymentPostprocessing = 0;
		};
/* End PBXFrameworksBuildPhase section */

/* Begin PBXGroup section */
		A82DAED32C2083F500E18665 = {
			isa = PBXGroup;
			children = (
				A82DAEDE2C2083F500E18665 /* FaceMemoApp */,
				A82DAEDD2C2083F500E18665 /* Products */,
			);
			sourceTree = "<group>";
		};
		A82DAEDD2C2083F500E18665 /* Products */ = {
			isa = PBXGroup;
			children = (
				A82DAEDC2C2083F500E18665 /* FaceMemoApp.app */,
			);
			name = Products;
			sourceTree = "<group>";
		};
		A82DAEDE2C2083F500E18665 /* FaceMemoApp */ = {
			isa = PBXGroup;
			children = (
				A82DAEF42C20866000E18665 /* UI */,
				A82DAEF32C20865200E18665 /* Core */,
				A82DAEF22C20864800E18665 /* Helpers */,
				A82DAEE52C2083F600E18665 /* Preview Content */,
			);
			path = FaceMemoApp;
			sourceTree = "<group>";
		};
		A82DAEE52C2083F600E18665 /* Preview Content */ = {
			isa = PBXGroup;
			children = (
				A82DAEE62C2083F600E18665 /* Preview Assets.xcassets */,
			);
			path = "Preview Content";
			sourceTree = "<group>";
		};
		A82DAEF22C20864800E18665 /* Helpers */ = {
			isa = PBXGroup;
			children = (
				A82DAEE82C2083F600E18665 /* Persistence.swift */,
				A82DAF042C208AD100E18665 /* Constants.swift */,
			);
			path = Helpers;
			sourceTree = "<group>";
		};
		A82DAEF32C20865200E18665 /* Core */ = {
			isa = PBXGroup;
			children = (
				A82DAEE32C2083F600E18665 /* Assets.xcassets */,
				A82DAEEA2C2083F600E18665 /* FaceMemoApp.xcdatamodeld */,
				A82DAEDF2C2083F500E18665 /* FaceMemoApp.swift */,
				A82DAEE12C2083F500E18665 /* ContentView.swift */,
			);
			path = Core;
			sourceTree = "<group>";
		};
		A82DAEF42C20866000E18665 /* UI */ = {
			isa = PBXGroup;
			children = (
				A82DAEF62C20867700E18665 /* UI Helpers */,
				A82DAEF52C20866D00E18665 /* Screens */,
			);
			path = UI;
			sourceTree = "<group>";
		};
		A82DAEF52C20866D00E18665 /* Screens */ = {
			isa = PBXGroup;
			children = (
				A82DAEF72C20868200E18665 /* Home */,
			);
			path = Screens;
			sourceTree = "<group>";
		};
		A82DAEF62C20867700E18665 /* UI Helpers */ = {
			isa = PBXGroup;
			children = (
				A82DAEFF2C20889300E18665 /* TabBar */,
				A82DAF062C208EEB00E18665 /* CustomBlurView.swift */,
			);
			path = "UI Helpers";
			sourceTree = "<group>";
		};
		A82DAEF72C20868200E18665 /* Home */ = {
			isa = PBXGroup;
			children = (
				A82DAEFB2C20880E00E18665 /* Views */,
				A82DAEFA2C20880C00E18665 /* Models */,
				A82DAEF92C20880700E18665 /* ViewModels */,
			);
			path = Home;
			sourceTree = "<group>";
		};
		A82DAEF92C20880700E18665 /* ViewModels */ = {
			isa = PBXGroup;
			children = (
			);
			path = ViewModels;
			sourceTree = "<group>";
		};
		A82DAEFA2C20880C00E18665 /* Models */ = {
			isa = PBXGroup;
			children = (
			);
			path = Models;
			sourceTree = "<group>";
		};
		A82DAEFB2C20880E00E18665 /* Views */ = {
			isa = PBXGroup;
			children = (
				A82DAEFE2C20881B00E18665 /* Components */,
				A82DAEFC2C20881800E18665 /* HomeView.swift */,
			);
			path = Views;
			sourceTree = "<group>";
		};
		A82DAEFE2C20881B00E18665 /* Components */ = {
			isa = PBXGroup;
			children = (
			);
			path = Components;
			sourceTree = "<group>";
		};
		A82DAEFF2C20889300E18665 /* TabBar */ = {
			isa = PBXGroup;
			children = (
				A82DAF002C20889F00E18665 /* TabBarView.swift */,
				A82DAF022C2088A900E18665 /* Tabs.swift */,
			);
			path = TabBar;
			sourceTree = "<group>";
		};
/* End PBXGroup section */

/* Begin PBXNativeTarget section */
		A82DAEDB2C2083F500E18665 /* FaceMemoApp */ = {
			isa = PBXNativeTarget;
			buildConfigurationList = A82DAEEF2C2083F600E18665 /* Build configuration list for PBXNativeTarget "FaceMemoApp" */;
			buildPhases = (
				A82DAED82C2083F500E18665 /* Sources */,
				A82DAED92C2083F500E18665 /* Frameworks */,
				A82DAEDA2C2083F500E18665 /* Resources */,
			);
			buildRules = (
			);
			dependencies = (
			);
			name = FaceMemoApp;
			productName = FaceMemoApp;
			productReference = A82DAEDC2C2083F500E18665 /* FaceMemoApp.app */;
			productType = "com.apple.product-type.application";
		};
/* End PBXNativeTarget section */

/* Begin PBXProject section */
		A82DAED42C2083F500E18665 /* Project object */ = {
			isa = PBXProject;
			attributes = {
				BuildIndependentTargetsInParallel = 1;
				LastSwiftUpdateCheck = 1530;
				LastUpgradeCheck = 1530;
				TargetAttributes = {
					A82DAEDB2C2083F500E18665 = {
						CreatedOnToolsVersion = 15.3;
					};
				};
			};
			buildConfigurationList = A82DAED72C2083F500E18665 /* Build configuration list for PBXProject "FaceMemoApp" */;
			compatibilityVersion = "Xcode 14.0";
			developmentRegion = en;
			hasScannedForEncodings = 0;
			knownRegions = (
				en,
				Base,
			);
			mainGroup = A82DAED32C2083F500E18665;
			productRefGroup = A82DAEDD2C2083F500E18665 /* Products */;
			projectDirPath = "";
			projectRoot = "";
			targets = (
				A82DAEDB2C2083F500E18665 /* FaceMemoApp */,
			);
		};
/* End PBXProject section */

/* Begin PBXResourcesBuildPhase section */
		A82DAEDA2C2083F500E18665 /* Resources */ = {
			isa = PBXResourcesBuildPhase;
			buildActionMask = 2147483647;
			files = (
				A82DAEE72C2083F600E18665 /* Preview Assets.xcassets in Resources */,
				A82DAEE42C2083F600E18665 /* Assets.xcassets in Resources */,
			);
			runOnlyForDeploymentPostprocessing = 0;
		};
/* End PBXResourcesBuildPhase section */

/* Begin PBXSourcesBuildPhase section */
		A82DAED82C2083F500E18665 /* Sources */ = {
			isa = PBXSourcesBuildPhase;
			buildActionMask = 2147483647;
			files = (
				A82DAF032C2088A900E18665 /* Tabs.swift in Sources */,
				A82DAEE92C2083F600E18665 /* Persistence.swift in Sources */,
				A82DAEE22C2083F500E18665 /* ContentView.swift in Sources */,
				A82DAEEC2C2083F600E18665 /* FaceMemoApp.xcdatamodeld in Sources */,
				A82DAEFD2C20881800E18665 /* HomeView.swift in Sources */,
				A82DAF012C20889F00E18665 /* TabBarView.swift in Sources */,
				A82DAF072C208EEB00E18665 /* CustomBlurView.swift in Sources */,
				A82DAEE02C2083F500E18665 /* FaceMemoApp.swift in Sources */,
				A82DAF052C208AD100E18665 /* Constants.swift in Sources */,
			);
			runOnlyForDeploymentPostprocessing = 0;
		};
/* End PBXSourcesBuildPhase section */

/* Begin XCBuildConfiguration section */
		A82DAEED2C2083F600E18665 /* Debug */ = {
			isa = XCBuildConfiguration;
			buildSettings = {
				ALWAYS_SEARCH_USER_PATHS = NO;
				ASSETCATALOG_COMPILER_GENERATE_SWIFT_ASSET_SYMBOL_EXTENSIONS = YES;
				CLANG_ANALYZER_NONNULL = YES;
				CLANG_ANALYZER_NUMBER_OBJECT_CONVERSION = YES_AGGRESSIVE;
				CLANG_CXX_LANGUAGE_STANDARD = "gnu++20";
				CLANG_ENABLE_MODULES = YES;
				CLANG_ENABLE_OBJC_ARC = YES;
				CLANG_ENABLE_OBJC_WEAK = YES;
				CLANG_WARN_BLOCK_CAPTURE_AUTORELEASING = YES;
				CLANG_WARN_BOOL_CONVERSION = YES;
				CLANG_WARN_COMMA = YES;
				CLANG_WARN_CONSTANT_CONVERSION = YES;
				CLANG_WARN_DEPRECATED_OBJC_IMPLEMENTATIONS = YES;
				CLANG_WARN_DIRECT_OBJC_ISA_USAGE = YES_ERROR;
				CLANG_WARN_DOCUMENTATION_COMMENTS = YES;
				CLANG_WARN_EMPTY_BODY = YES;
				CLANG_WARN_ENUM_CONVERSION = YES;
				CLANG_WARN_INFINITE_RECURSION = YES;
				CLANG_WARN_INT_CONVERSION = YES;
				CLANG_WARN_NON_LITERAL_NULL_CONVERSION = YES;
				CLANG_WARN_OBJC_IMPLICIT_RETAIN_SELF = YES;
				CLANG_WARN_OBJC_LITERAL_CONVERSION = YES;
				CLANG_WARN_OBJC_ROOT_CLASS = YES_ERROR;
				CLANG_WARN_QUOTED_INCLUDE_IN_FRAMEWORK_HEADER = YES;
				CLANG_WARN_RANGE_LOOP_ANALYSIS = YES;
				CLANG_WARN_STRICT_PROTOTYPES = YES;
				CLANG_WARN_SUSPICIOUS_MOVE = YES;
				CLANG_WARN_UNGUARDED_AVAILABILITY = YES_AGGRESSIVE;
				CLANG_WARN_UNREACHABLE_CODE = YES;
				CLANG_WARN__DUPLICATE_METHOD_MATCH = YES;
				COPY_PHASE_STRIP = NO;
				DEBUG_INFORMATION_FORMAT = dwarf;
				ENABLE_STRICT_OBJC_MSGSEND = YES;
				ENABLE_TESTABILITY = YES;
				ENABLE_USER_SCRIPT_SANDBOXING = YES;
				GCC_C_LANGUAGE_STANDARD = gnu17;
				GCC_DYNAMIC_NO_PIC = NO;
				GCC_NO_COMMON_BLOCKS = YES;
				GCC_OPTIMIZATION_LEVEL = 0;
				GCC_PREPROCESSOR_DEFINITIONS = (
					"DEBUG=1",
					"$(inherited)",
				);
				GCC_WARN_64_TO_32_BIT_CONVERSION = YES;
				GCC_WARN_ABOUT_RETURN_TYPE = YES_ERROR;
				GCC_WARN_UNDECLARED_SELECTOR = YES;
				GCC_WARN_UNINITIALIZED_AUTOS = YES_AGGRESSIVE;
				GCC_WARN_UNUSED_FUNCTION = YES;
				GCC_WARN_UNUSED_VARIABLE = YES;
				IPHONEOS_DEPLOYMENT_TARGET = 17.4;
				LOCALIZATION_PREFERS_STRING_CATALOGS = YES;
				MTL_ENABLE_DEBUG_INFO = INCLUDE_SOURCE;
				MTL_FAST_MATH = YES;
				ONLY_ACTIVE_ARCH = YES;
				SDKROOT = iphoneos;
				SWIFT_ACTIVE_COMPILATION_CONDITIONS = "DEBUG $(inherited)";
				SWIFT_OPTIMIZATION_LEVEL = "-Onone";
			};
			name = Debug;
		};
		A82DAEEE2C2083F600E18665 /* Release */ = {
			isa = XCBuildConfiguration;
			buildSettings = {
				ALWAYS_SEARCH_USER_PATHS = NO;
				ASSETCATALOG_COMPILER_GENERATE_SWIFT_ASSET_SYMBOL_EXTENSIONS = YES;
				CLANG_ANALYZER_NONNULL = YES;
				CLANG_ANALYZER_NUMBER_OBJECT_CONVERSION = YES_AGGRESSIVE;
				CLANG_CXX_LANGUAGE_STANDARD = "gnu++20";
				CLANG_ENABLE_MODULES = YES;
				CLANG_ENABLE_OBJC_ARC = YES;
				CLANG_ENABLE_OBJC_WEAK = YES;
				CLANG_WARN_BLOCK_CAPTURE_AUTORELEASING = YES;
				CLANG_WARN_BOOL_CONVERSION = YES;
				CLANG_WARN_COMMA = YES;
				CLANG_WARN_CONSTANT_CONVERSION = YES;
				CLANG_WARN_DEPRECATED_OBJC_IMPLEMENTATIONS = YES;
				CLANG_WARN_DIRECT_OBJC_ISA_USAGE = YES_ERROR;
				CLANG_WARN_DOCUMENTATION_COMMENTS = YES;
				CLANG_WARN_EMPTY_BODY = YES;
				CLANG_WARN_ENUM_CONVERSION = YES;
				CLANG_WARN_INFINITE_RECURSION = YES;
				CLANG_WARN_INT_CONVERSION = YES;
				CLANG_WARN_NON_LITERAL_NULL_CONVERSION = YES;
				CLANG_WARN_OBJC_IMPLICIT_RETAIN_SELF = YES;
				CLANG_WARN_OBJC_LITERAL_CONVERSION = YES;
				CLANG_WARN_OBJC_ROOT_CLASS = YES_ERROR;
				CLANG_WARN_QUOTED_INCLUDE_IN_FRAMEWORK_HEADER = YES;
				CLANG_WARN_RANGE_LOOP_ANALYSIS = YES;
				CLANG_WARN_STRICT_PROTOTYPES = YES;
				CLANG_WARN_SUSPICIOUS_MOVE = YES;
				CLANG_WARN_UNGUARDED_AVAILABILITY = YES_AGGRESSIVE;
				CLANG_WARN_UNREACHABLE_CODE = YES;
				CLANG_WARN__DUPLICATE_METHOD_MATCH = YES;
				COPY_PHASE_STRIP = NO;
				DEBUG_INFORMATION_FORMAT = "dwarf-with-dsym";
				ENABLE_NS_ASSERTIONS = NO;
				ENABLE_STRICT_OBJC_MSGSEND = YES;
				ENABLE_USER_SCRIPT_SANDBOXING = YES;
				GCC_C_LANGUAGE_STANDARD = gnu17;
				GCC_NO_COMMON_BLOCKS = YES;
				GCC_WARN_64_TO_32_BIT_CONVERSION = YES;
				GCC_WARN_ABOUT_RETURN_TYPE = YES_ERROR;
				GCC_WARN_UNDECLARED_SELECTOR = YES;
				GCC_WARN_UNINITIALIZED_AUTOS = YES_AGGRESSIVE;
				GCC_WARN_UNUSED_FUNCTION = YES;
				GCC_WARN_UNUSED_VARIABLE = YES;
				IPHONEOS_DEPLOYMENT_TARGET = 17.4;
				LOCALIZATION_PREFERS_STRING_CATALOGS = YES;
				MTL_ENABLE_DEBUG_INFO = NO;
				MTL_FAST_MATH = YES;
				SDKROOT = iphoneos;
				SWIFT_COMPILATION_MODE = wholemodule;
				VALIDATE_PRODUCT = YES;
			};
			name = Release;
		};
		A82DAEF02C2083F600E18665 /* Debug */ = {
			isa = XCBuildConfiguration;
			buildSettings = {
				ASSETCATALOG_COMPILER_APPICON_NAME = AppIcon;
				ASSETCATALOG_COMPILER_GLOBAL_ACCENT_COLOR_NAME = AccentColor;
				CODE_SIGN_STYLE = Automatic;
				CURRENT_PROJECT_VERSION = 1;
				DEVELOPMENT_ASSET_PATHS = "\"FaceMemoApp/Preview Content\"";
				ENABLE_PREVIEWS = YES;
				GENERATE_INFOPLIST_FILE = YES;
				INFOPLIST_KEY_UIApplicationSceneManifest_Generation = YES;
				INFOPLIST_KEY_UIApplicationSupportsIndirectInputEvents = YES;
				INFOPLIST_KEY_UILaunchScreen_Generation = YES;
				INFOPLIST_KEY_UISupportedInterfaceOrientations_iPad = "UIInterfaceOrientationPortrait UIInterfaceOrientationPortraitUpsideDown UIInterfaceOrientationLandscapeLeft UIInterfaceOrientationLandscapeRight";
				INFOPLIST_KEY_UISupportedInterfaceOrientations_iPhone = "UIInterfaceOrientationPortrait UIInterfaceOrientationLandscapeLeft UIInterfaceOrientationLandscapeRight";
				IPHONEOS_DEPLOYMENT_TARGET = 16.0;
				LD_RUNPATH_SEARCH_PATHS = (
					"$(inherited)",
					"@executable_path/Frameworks",
				);
				MARKETING_VERSION = 1.0;
				PRODUCT_BUNDLE_IDENTIFIER = com.arab.FaceMemoApp;
				PRODUCT_NAME = "$(TARGET_NAME)";
				SUPPORTED_PLATFORMS = "iphoneos iphonesimulator";
				SUPPORTS_MACCATALYST = NO;
				SUPPORTS_MAC_DESIGNED_FOR_IPHONE_IPAD = NO;
				SUPPORTS_XR_DESIGNED_FOR_IPHONE_IPAD = NO;
				SWIFT_EMIT_LOC_STRINGS = YES;
				SWIFT_VERSION = 5.0;
				TARGETED_DEVICE_FAMILY = "1,2";
			};
			name = Debug;
		};
		A82DAEF12C2083F600E18665 /* Release */ = {
			isa = XCBuildConfiguration;
			buildSettings = {
				ASSETCATALOG_COMPILER_APPICON_NAME = AppIcon;
				ASSETCATALOG_COMPILER_GLOBAL_ACCENT_COLOR_NAME = AccentColor;
				CODE_SIGN_STYLE = Automatic;
				CURRENT_PROJECT_VERSION = 1;
				DEVELOPMENT_ASSET_PATHS = "\"FaceMemoApp/Preview Content\"";
				ENABLE_PREVIEWS = YES;
				GENERATE_INFOPLIST_FILE = YES;
				INFOPLIST_KEY_UIApplicationSceneManifest_Generation = YES;
				INFOPLIST_KEY_UIApplicationSupportsIndirectInputEvents = YES;
				INFOPLIST_KEY_UILaunchScreen_Generation = YES;
				INFOPLIST_KEY_UISupportedInterfaceOrientations_iPad = "UIInterfaceOrientationPortrait UIInterfaceOrientationPortraitUpsideDown UIInterfaceOrientationLandscapeLeft UIInterfaceOrientationLandscapeRight";
				INFOPLIST_KEY_UISupportedInterfaceOrientations_iPhone = "UIInterfaceOrientationPortrait UIInterfaceOrientationLandscapeLeft UIInterfaceOrientationLandscapeRight";
				IPHONEOS_DEPLOYMENT_TARGET = 16.0;
				LD_RUNPATH_SEARCH_PATHS = (
					"$(inherited)",
					"@executable_path/Frameworks",
				);
				MARKETING_VERSION = 1.0;
				PRODUCT_BUNDLE_IDENTIFIER = com.arab.FaceMemoApp;
				PRODUCT_NAME = "$(TARGET_NAME)";
				SUPPORTED_PLATFORMS = "iphoneos iphonesimulator";
				SUPPORTS_MACCATALYST = NO;
				SUPPORTS_MAC_DESIGNED_FOR_IPHONE_IPAD = NO;
				SUPPORTS_XR_DESIGNED_FOR_IPHONE_IPAD = NO;
				SWIFT_EMIT_LOC_STRINGS = YES;
				SWIFT_VERSION = 5.0;
				TARGETED_DEVICE_FAMILY = "1,2";
			};
			name = Release;
		};
/* End XCBuildConfiguration section */

/* Begin XCConfigurationList section */
		A82DAED72C2083F500E18665 /* Build configuration list for PBXProject "FaceMemoApp" */ = {
			isa = XCConfigurationList;
			buildConfigurations = (
				A82DAEED2C2083F600E18665 /* Debug */,
				A82DAEEE2C2083F600E18665 /* Release */,
			);
			defaultConfigurationIsVisible = 0;
			defaultConfigurationName = Release;
		};
		A82DAEEF2C2083F600E18665 /* Build configuration list for PBXNativeTarget "FaceMemoApp" */ = {
			isa = XCConfigurationList;
			buildConfigurations = (
				A82DAEF02C2083F600E18665 /* Debug */,
				A82DAEF12C2083F600E18665 /* Release */,
			);
			defaultConfigurationIsVisible = 0;
			defaultConfigurationName = Release;
		};
/* End XCConfigurationList section */

/* Begin XCVersionGroup section */
		A82DAEEA2C2083F600E18665 /* FaceMemoApp.xcdatamodeld */ = {
			isa = XCVersionGroup;
			children = (
				A82DAEEB2C2083F600E18665 /* FaceMemoApp.xcdatamodel */,
			);
			currentVersion = A82DAEEB2C2083F600E18665 /* FaceMemoApp.xcdatamodel */;
			path = FaceMemoApp.xcdatamodeld;
			sourceTree = "<group>";
			versionGroupType = wrapper.xcdatamodel;
		};
/* End XCVersionGroup section */
	};
	rootObject = A82DAED42C2083F500E18665 /* Project object */;
}
