// !$*UTF8*$!
{
	archiveVersion = 1;
	classes = {
	};
	objectVersion = 56;
	objects = {

/* Begin PBXBuildFile section */
		A82DAEE02C2083F500E18665 /* FaceMemoApp.swift in Sources */ = {isa = PBXBuildFile; fileRef = A82DAEDF2C2083F500E18665 /* FaceMemoApp.swift */; };
		A82DAEE22C2083F500E18665 /* ContentView.swift in Sources */ = {isa = PBXBuildFile; fileRef = A82DAEE12C2083F500E18665 /* ContentView.swift */; };
		A82DAEE42C2083F600E18665 /* Assets.xcassets in Resources */ = {isa = PBXBuildFile; fileRef = A82DAEE32C2083F600E18665 /* Assets.xcassets */; };
		A82DAEE72C2083F600E18665 /* Preview Assets.xcassets in Resources */ = {isa = PBXBuildFile; fileRef = A82DAEE62C2083F600E18665 /* Preview Assets.xcassets */; };
		A82DAEE92C2083F600E18665 /* Persistence.swift in Sources */ = {isa = PBXBuildFile; fileRef = A82DAEE82C2083F600E18665 /* Persistence.swift */; };
		A82DAEEC2C2083F600E18665 /* FaceMemoApp.xcdatamodeld in Sources */ = {isa = PBXBuildFile; fileRef = A82DAEEA2C2083F600E18665 /* FaceMemoApp.xcdatamodeld */; };
		A82DAEFD2C20881800E18665 /* HomeView.swift in Sources */ = {isa = PBXBuildFile; fileRef = A82DAEFC2C20881800E18665 /* HomeView.swift */; };
		A82DAF012C20889F00E18665 /* TabBarView.swift in Sources */ = {isa = PBXBuildFile; fileRef = A82DAF002C20889F00E18665 /* TabBarView.swift */; };
		A82DAF032C2088A900E18665 /* Tabs.swift in Sources */ = {isa = PBXBuildFile; fileRef = A82DAF022C2088A900E18665 /* Tabs.swift */; };
		A82DAF052C208AD100E18665 /* Constants.swift in Sources */ = {isa = PBXBuildFile; fileRef = A82DAF042C208AD100E18665 /* Constants.swift */; };
		A82DAF072C208EEB00E18665 /* CustomBlurView.swift in Sources */ = {isa = PBXBuildFile; fileRef = A82DAF062C208EEB00E18665 /* CustomBlurView.swift */; };
		A84E30922C217CC4002F6E0A /* CameraView.swift in Sources */ = {isa = PBXBuildFile; fileRef = A84E30912C217CC4002F6E0A /* CameraView.swift */; };
		A84E30942C21907E002F6E0A /* CameraManager.swift in Sources */ = {isa = PBXBuildFile; fileRef = A84E30932C21907E002F6E0A /* CameraManager.swift */; };
		A8610C3D2C21F7CC0042CACC /* CustomAlertView.swift in Sources */ = {isa = PBXBuildFile; fileRef = A8610C3C2C21F7CC0042CACC /* CustomAlertView.swift */; };
		A8610C3F2C21F9AA0042CACC /* CustomButton.swift in Sources */ = {isa = PBXBuildFile; fileRef = A8610C3E2C21F9AA0042CACC /* CustomButton.swift */; };
		A8610C432C2224D30042CACC /* RecentlyView.swift in Sources */ = {isa = PBXBuildFile; fileRef = A8610C422C2224D30042CACC /* RecentlyView.swift */; };
		A8610C452C2224ED0042CACC /* StorageManager.swift in Sources */ = {isa = PBXBuildFile; fileRef = A8610C442C2224ED0042CACC /* StorageManager.swift */; };
		A8610C472C2228590042CACC /* ImageModel.swift in Sources */ = {isa = PBXBuildFile; fileRef = A8610C462C2228590042CACC /* ImageModel.swift */; };
		A8610C492C222A7C0042CACC /* RecentlyViewModel.swift in Sources */ = {isa = PBXBuildFile; fileRef = A8610C482C222A7C0042CACC /* RecentlyViewModel.swift */; };
		A8610C4D2C222BD60042CACC /* ImageCellView.swift in Sources */ = {isa = PBXBuildFile; fileRef = A8610C4C2C222BD60042CACC /* ImageCellView.swift */; };
		A8610C4F2C222BE00042CACC /* ImagesListView.swift in Sources */ = {isa = PBXBuildFile; fileRef = A8610C4E2C222BE00042CACC /* ImagesListView.swift */; };
		A8610C512C222E860042CACC /* StorageDelegate.swift in Sources */ = {isa = PBXBuildFile; fileRef = A8610C502C222E860042CACC /* StorageDelegate.swift */; };
		A8610C532C222ED20042CACC /* HomeViewModel.swift in Sources */ = {isa = PBXBuildFile; fileRef = A8610C522C222ED20042CACC /* HomeViewModel.swift */; };
		A8610C562C22C6F60042CACC /* CustomTextField.swift in Sources */ = {isa = PBXBuildFile; fileRef = A8610C552C22C6F60042CACC /* CustomTextField.swift */; };
		A8C2834F2C20BDB100506A5B /* StreamVideo in Frameworks */ = {isa = PBXBuildFile; productRef = A8C2834E2C20BDB100506A5B /* StreamVideo */; };
		A8C283512C20BDB100506A5B /* StreamVideoSwiftUI in Frameworks */ = {isa = PBXBuildFile; productRef = A8C283502C20BDB100506A5B /* StreamVideoSwiftUI */; };
		A8C283542C20BEEA00506A5B /* DeepAR in Frameworks */ = {isa = PBXBuildFile; productRef = A8C283532C20BEEA00506A5B /* DeepAR */; };
		A8C283572C20BF4300506A5B /* DeepARSwiftUIView.swift in Sources */ = {isa = PBXBuildFile; fileRef = A8C283562C20BF4300506A5B /* DeepARSwiftUIView.swift */; };
		A8C2836B2C20CE7400506A5B /* ray-ban-wayfarer.deepar in Resources */ = {isa = PBXBuildFile; fileRef = A8C2835B2C20CE7300506A5B /* ray-ban-wayfarer.deepar */; };
		A8C2836C2C20CE7400506A5B /* Pixel_Hearts.deepar in Resources */ = {isa = PBXBuildFile; fileRef = A8C2835C2C20CE7300506A5B /* Pixel_Hearts.deepar */; };
		A8C2836D2C20CE7400506A5B /* flower_face.deepar in Resources */ = {isa = PBXBuildFile; fileRef = A8C2835D2C20CE7300506A5B /* flower_face.deepar */; };
		A8C2836E2C20CE7400506A5B /* Vendetta_Mask.deepar in Resources */ = {isa = PBXBuildFile; fileRef = A8C2835E2C20CE7300506A5B /* Vendetta_Mask.deepar */; };
		A8C2836F2C20CE7400506A5B /* viking_helmet.deepar in Resources */ = {isa = PBXBuildFile; fileRef = A8C2835F2C20CE7300506A5B /* viking_helmet.deepar */; };
		A8C283702C20CE7400506A5B /* Ping_Pong.deepar in Resources */ = {isa = PBXBuildFile; fileRef = A8C283602C20CE7300506A5B /* Ping_Pong.deepar */; };
		A8C283712C20CE7400506A5B /* MakeupLook.deepar in Resources */ = {isa = PBXBuildFile; fileRef = A8C283612C20CE7300506A5B /* MakeupLook.deepar */; };
		A8C283722C20CE7400506A5B /* Neon_Devil_Horns.deepar in Resources */ = {isa = PBXBuildFile; fileRef = A8C283622C20CE7300506A5B /* Neon_Devil_Horns.deepar */; };
		A8C283732C20CE7400506A5B /* Snail.deepar in Resources */ = {isa = PBXBuildFile; fileRef = A8C283632C20CE7300506A5B /* Snail.deepar */; };
		A8C283742C20CE7400506A5B /* Hope.deepar in Resources */ = {isa = PBXBuildFile; fileRef = A8C283642C20CE7300506A5B /* Hope.deepar */; };
		A8C283752C20CE7400506A5B /* Fire_Effect.deepar in Resources */ = {isa = PBXBuildFile; fileRef = A8C283652C20CE7300506A5B /* Fire_Effect.deepar */; };
		A8C283762C20CE7400506A5B /* galaxy_background.deepar in Resources */ = {isa = PBXBuildFile; fileRef = A8C283662C20CE7300506A5B /* galaxy_background.deepar */; };
		A8C283772C20CE7400506A5B /* Split_View_Look.deepar in Resources */ = {isa = PBXBuildFile; fileRef = A8C283672C20CE7400506A5B /* Split_View_Look.deepar */; };
		A8C283782C20CE7400506A5B /* Stallone.deepar in Resources */ = {isa = PBXBuildFile; fileRef = A8C283682C20CE7400506A5B /* Stallone.deepar */; };
		A8C283792C20CE7400506A5B /* Emotion_Meter.deepar in Resources */ = {isa = PBXBuildFile; fileRef = A8C283692C20CE7400506A5B /* Emotion_Meter.deepar */; };
		A8C2837A2C20CE7400506A5B /* Emotions_Exaggerator.deepar in Resources */ = {isa = PBXBuildFile; fileRef = A8C2836A2C20CE7400506A5B /* Emotions_Exaggerator.deepar */; };
		A8C2837D2C20CEA400506A5B /* DeepAREffect.swift in Sources */ = {isa = PBXBuildFile; fileRef = A8C2837C2C20CEA400506A5B /* DeepAREffect.swift */; };
		A8C283802C20D42500506A5B /* CIImage + Extension.swift in Sources */ = {isa = PBXBuildFile; fileRef = A8C2837F2C20D42500506A5B /* CIImage + Extension.swift */; };
		A8C283862C20DA2900506A5B /* DeepARViewController.swift in Sources */ = {isa = PBXBuildFile; fileRef = A8C283852C20DA2900506A5B /* DeepARViewController.swift */; };
		A8C283882C20E35F00506A5B /* EffectCellView.swift in Sources */ = {isa = PBXBuildFile; fileRef = A8C283872C20E35F00506A5B /* EffectCellView.swift */; };
		A8C2838B2C20E37C00506A5B /* EffectsListView.swift in Sources */ = {isa = PBXBuildFile; fileRef = A8C2838A2C20E37C00506A5B /* EffectsListView.swift */; };
/* End PBXBuildFile section */

/* Begin PBXFileReference section */
		A82DAEDC2C2083F500E18665 /* FaceMemoApp.app */ = {isa = PBXFileReference; explicitFileType = wrapper.application; includeInIndex = 0; path = FaceMemoApp.app; sourceTree = BUILT_PRODUCTS_DIR; };
		A82DAEDF2C2083F500E18665 /* FaceMemoApp.swift */ = {isa = PBXFileReference; lastKnownFileType = sourcecode.swift; path = FaceMemoApp.swift; sourceTree = "<group>"; };
		A82DAEE12C2083F500E18665 /* ContentView.swift */ = {isa = PBXFileReference; lastKnownFileType = sourcecode.swift; path = ContentView.swift; sourceTree = "<group>"; };
		A82DAEE32C2083F600E18665 /* Assets.xcassets */ = {isa = PBXFileReference; lastKnownFileType = folder.assetcatalog; path = Assets.xcassets; sourceTree = "<group>"; };
		A82DAEE62C2083F600E18665 /* Preview Assets.xcassets */ = {isa = PBXFileReference; lastKnownFileType = folder.assetcatalog; path = "Preview Assets.xcassets"; sourceTree = "<group>"; };
		A82DAEE82C2083F600E18665 /* Persistence.swift */ = {isa = PBXFileReference; lastKnownFileType = sourcecode.swift; path = Persistence.swift; sourceTree = "<group>"; };
		A82DAEEB2C2083F600E18665 /* FaceMemoApp.xcdatamodel */ = {isa = PBXFileReference; lastKnownFileType = wrapper.xcdatamodel; path = FaceMemoApp.xcdatamodel; sourceTree = "<group>"; };
		A82DAEFC2C20881800E18665 /* HomeView.swift */ = {isa = PBXFileReference; lastKnownFileType = sourcecode.swift; path = HomeView.swift; sourceTree = "<group>"; };
		A82DAF002C20889F00E18665 /* TabBarView.swift */ = {isa = PBXFileReference; lastKnownFileType = sourcecode.swift; path = TabBarView.swift; sourceTree = "<group>"; };
		A82DAF022C2088A900E18665 /* Tabs.swift */ = {isa = PBXFileReference; lastKnownFileType = sourcecode.swift; path = Tabs.swift; sourceTree = "<group>"; };
		A82DAF042C208AD100E18665 /* Constants.swift */ = {isa = PBXFileReference; lastKnownFileType = sourcecode.swift; path = Constants.swift; sourceTree = "<group>"; };
		A82DAF062C208EEB00E18665 /* CustomBlurView.swift */ = {isa = PBXFileReference; lastKnownFileType = sourcecode.swift; path = CustomBlurView.swift; sourceTree = "<group>"; };
		A84E30912C217CC4002F6E0A /* CameraView.swift */ = {isa = PBXFileReference; lastKnownFileType = sourcecode.swift; path = CameraView.swift; sourceTree = "<group>"; };
		A84E30932C21907E002F6E0A /* CameraManager.swift */ = {isa = PBXFileReference; lastKnownFileType = sourcecode.swift; path = CameraManager.swift; sourceTree = "<group>"; };
		A8610C3C2C21F7CC0042CACC /* CustomAlertView.swift */ = {isa = PBXFileReference; lastKnownFileType = sourcecode.swift; path = CustomAlertView.swift; sourceTree = "<group>"; };
		A8610C3E2C21F9AA0042CACC /* CustomButton.swift */ = {isa = PBXFileReference; lastKnownFileType = sourcecode.swift; path = CustomButton.swift; sourceTree = "<group>"; };
		A8610C422C2224D30042CACC /* RecentlyView.swift */ = {isa = PBXFileReference; lastKnownFileType = sourcecode.swift; path = RecentlyView.swift; sourceTree = "<group>"; };
		A8610C442C2224ED0042CACC /* StorageManager.swift */ = {isa = PBXFileReference; lastKnownFileType = sourcecode.swift; path = StorageManager.swift; sourceTree = "<group>"; };
		A8610C462C2228590042CACC /* ImageModel.swift */ = {isa = PBXFileReference; lastKnownFileType = sourcecode.swift; path = ImageModel.swift; sourceTree = "<group>"; };
		A8610C482C222A7C0042CACC /* RecentlyViewModel.swift */ = {isa = PBXFileReference; lastKnownFileType = sourcecode.swift; path = RecentlyViewModel.swift; sourceTree = "<group>"; };
		A8610C4C2C222BD60042CACC /* ImageCellView.swift */ = {isa = PBXFileReference; lastKnownFileType = sourcecode.swift; path = ImageCellView.swift; sourceTree = "<group>"; };
		A8610C4E2C222BE00042CACC /* ImagesListView.swift */ = {isa = PBXFileReference; lastKnownFileType = sourcecode.swift; path = ImagesListView.swift; sourceTree = "<group>"; };
		A8610C502C222E860042CACC /* StorageDelegate.swift */ = {isa = PBXFileReference; lastKnownFileType = sourcecode.swift; path = StorageDelegate.swift; sourceTree = "<group>"; };
		A8610C522C222ED20042CACC /* HomeViewModel.swift */ = {isa = PBXFileReference; lastKnownFileType = sourcecode.swift; path = HomeViewModel.swift; sourceTree = "<group>"; };
		A8610C552C22C6F60042CACC /* CustomTextField.swift */ = {isa = PBXFileReference; lastKnownFileType = sourcecode.swift; path = CustomTextField.swift; sourceTree = "<group>"; };
		A8C283562C20BF4300506A5B /* DeepARSwiftUIView.swift */ = {isa = PBXFileReference; lastKnownFileType = sourcecode.swift; path = DeepARSwiftUIView.swift; sourceTree = "<group>"; };
		A8C2835B2C20CE7300506A5B /* ray-ban-wayfarer.deepar */ = {isa = PBXFileReference; lastKnownFileType = file; path = "ray-ban-wayfarer.deepar"; sourceTree = "<group>"; };
		A8C2835C2C20CE7300506A5B /* Pixel_Hearts.deepar */ = {isa = PBXFileReference; lastKnownFileType = file; path = Pixel_Hearts.deepar; sourceTree = "<group>"; };
		A8C2835D2C20CE7300506A5B /* flower_face.deepar */ = {isa = PBXFileReference; lastKnownFileType = file; path = flower_face.deepar; sourceTree = "<group>"; };
		A8C2835E2C20CE7300506A5B /* Vendetta_Mask.deepar */ = {isa = PBXFileReference; lastKnownFileType = file; path = Vendetta_Mask.deepar; sourceTree = "<group>"; };
		A8C2835F2C20CE7300506A5B /* viking_helmet.deepar */ = {isa = PBXFileReference; lastKnownFileType = file; path = viking_helmet.deepar; sourceTree = "<group>"; };
		A8C283602C20CE7300506A5B /* Ping_Pong.deepar */ = {isa = PBXFileReference; lastKnownFileType = file; path = Ping_Pong.deepar; sourceTree = "<group>"; };
		A8C283612C20CE7300506A5B /* MakeupLook.deepar */ = {isa = PBXFileReference; lastKnownFileType = file; path = MakeupLook.deepar; sourceTree = "<group>"; };
		A8C283622C20CE7300506A5B /* Neon_Devil_Horns.deepar */ = {isa = PBXFileReference; lastKnownFileType = file; path = Neon_Devil_Horns.deepar; sourceTree = "<group>"; };
		A8C283632C20CE7300506A5B /* Snail.deepar */ = {isa = PBXFileReference; lastKnownFileType = file; path = Snail.deepar; sourceTree = "<group>"; };
		A8C283642C20CE7300506A5B /* Hope.deepar */ = {isa = PBXFileReference; lastKnownFileType = file; path = Hope.deepar; sourceTree = "<group>"; };
		A8C283652C20CE7300506A5B /* Fire_Effect.deepar */ = {isa = PBXFileReference; lastKnownFileType = file; path = Fire_Effect.deepar; sourceTree = "<group>"; };
		A8C283662C20CE7300506A5B /* galaxy_background.deepar */ = {isa = PBXFileReference; lastKnownFileType = file; path = galaxy_background.deepar; sourceTree = "<group>"; };
		A8C283672C20CE7400506A5B /* Split_View_Look.deepar */ = {isa = PBXFileReference; lastKnownFileType = file; path = Split_View_Look.deepar; sourceTree = "<group>"; };
		A8C283682C20CE7400506A5B /* Stallone.deepar */ = {isa = PBXFileReference; lastKnownFileType = file; path = Stallone.deepar; sourceTree = "<group>"; };
		A8C283692C20CE7400506A5B /* Emotion_Meter.deepar */ = {isa = PBXFileReference; lastKnownFileType = file; path = Emotion_Meter.deepar; sourceTree = "<group>"; };
		A8C2836A2C20CE7400506A5B /* Emotions_Exaggerator.deepar */ = {isa = PBXFileReference; lastKnownFileType = file; path = Emotions_Exaggerator.deepar; sourceTree = "<group>"; };
		A8C2837C2C20CEA400506A5B /* DeepAREffect.swift */ = {isa = PBXFileReference; lastKnownFileType = sourcecode.swift; path = DeepAREffect.swift; sourceTree = "<group>"; };
		A8C2837F2C20D42500506A5B /* CIImage + Extension.swift */ = {isa = PBXFileReference; lastKnownFileType = sourcecode.swift; path = "CIImage + Extension.swift"; sourceTree = "<group>"; };
		A8C283852C20DA2900506A5B /* DeepARViewController.swift */ = {isa = PBXFileReference; lastKnownFileType = sourcecode.swift; path = DeepARViewController.swift; sourceTree = "<group>"; };
		A8C283872C20E35F00506A5B /* EffectCellView.swift */ = {isa = PBXFileReference; lastKnownFileType = sourcecode.swift; path = EffectCellView.swift; sourceTree = "<group>"; };
		A8C2838A2C20E37C00506A5B /* EffectsListView.swift */ = {isa = PBXFileReference; lastKnownFileType = sourcecode.swift; path = EffectsListView.swift; sourceTree = "<group>"; };
/* End PBXFileReference section */

/* Begin PBXFrameworksBuildPhase section */
		A82DAED92C2083F500E18665 /* Frameworks */ = {
			isa = PBXFrameworksBuildPhase;
			buildActionMask = 2147483647;
			files = (
				A8C283512C20BDB100506A5B /* StreamVideoSwiftUI in Frameworks */,
				A8C2834F2C20BDB100506A5B /* StreamVideo in Frameworks */,
				A8C283542C20BEEA00506A5B /* DeepAR in Frameworks */,
			);
			runOnlyForDeploymentPostprocessing = 0;
		};
/* End PBXFrameworksBuildPhase section */

/* Begin PBXGroup section */
		A82DAED32C2083F500E18665 = {
			isa = PBXGroup;
			children = (
				A82DAEDE2C2083F500E18665 /* FaceMemoApp */,
				A82DAEDD2C2083F500E18665 /* Products */,
			);
			sourceTree = "<group>";
		};
		A82DAEDD2C2083F500E18665 /* Products */ = {
			isa = PBXGroup;
			children = (
				A82DAEDC2C2083F500E18665 /* FaceMemoApp.app */,
			);
			name = Products;
			sourceTree = "<group>";
		};
		A82DAEDE2C2083F500E18665 /* FaceMemoApp */ = {
			isa = PBXGroup;
			children = (
				A82DAEF42C20866000E18665 /* UI */,
				A82DAEF32C20865200E18665 /* Core */,
				A82DAEF22C20864800E18665 /* Helpers */,
				A82DAEE52C2083F600E18665 /* Preview Content */,
			);
			path = FaceMemoApp;
			sourceTree = "<group>";
		};
		A82DAEE52C2083F600E18665 /* Preview Content */ = {
			isa = PBXGroup;
			children = (
				A82DAEE62C2083F600E18665 /* Preview Assets.xcassets */,
			);
			path = "Preview Content";
			sourceTree = "<group>";
		};
		A82DAEF22C20864800E18665 /* Helpers */ = {
			isa = PBXGroup;
			children = (
				A82DAEE82C2083F600E18665 /* Persistence.swift */,
				A82DAF042C208AD100E18665 /* Constants.swift */,
			);
			path = Helpers;
			sourceTree = "<group>";
		};
		A82DAEF32C20865200E18665 /* Core */ = {
			isa = PBXGroup;
			children = (
				A82DAEE32C2083F600E18665 /* Assets.xcassets */,
				A82DAEEA2C2083F600E18665 /* FaceMemoApp.xcdatamodeld */,
				A82DAEDF2C2083F500E18665 /* FaceMemoApp.swift */,
				A82DAEE12C2083F500E18665 /* ContentView.swift */,
			);
			path = Core;
			sourceTree = "<group>";
		};
		A82DAEF42C20866000E18665 /* UI */ = {
			isa = PBXGroup;
			children = (
				A82DAEF62C20867700E18665 /* UI Helpers */,
				A8C283552C20BEFE00506A5B /* Components */,
				A82DAEF52C20866D00E18665 /* Screens */,
			);
			path = UI;
			sourceTree = "<group>";
		};
		A82DAEF52C20866D00E18665 /* Screens */ = {
			isa = PBXGroup;
			children = (
				A8610C382C21F5980042CACC /* Recently */,
				A82DAEF72C20868200E18665 /* Home */,
			);
			path = Screens;
			sourceTree = "<group>";
		};
		A82DAEF62C20867700E18665 /* UI Helpers */ = {
			isa = PBXGroup;
			children = (
				A8610C372C21F5000042CACC /* Managers */,
				A8C2837E2C20D41300506A5B /* Extensions */,
				A8610C502C222E860042CACC /* StorageDelegate.swift */,
			);
			path = "UI Helpers";
			sourceTree = "<group>";
		};
		A82DAEF72C20868200E18665 /* Home */ = {
			isa = PBXGroup;
			children = (
				A82DAEFB2C20880E00E18665 /* Views */,
				A82DAEFA2C20880C00E18665 /* Models */,
				A82DAEF92C20880700E18665 /* ViewModels */,
			);
			path = Home;
			sourceTree = "<group>";
		};
		A82DAEF92C20880700E18665 /* ViewModels */ = {
			isa = PBXGroup;
			children = (
				A8610C522C222ED20042CACC /* HomeViewModel.swift */,
			);
			path = ViewModels;
			sourceTree = "<group>";
		};
		A82DAEFA2C20880C00E18665 /* Models */ = {
			isa = PBXGroup;
			children = (
				A8C2835A2C20CE6300506A5B /* DeepAR Effects */,
			);
			path = Models;
			sourceTree = "<group>";
		};
		A82DAEFB2C20880E00E18665 /* Views */ = {
			isa = PBXGroup;
			children = (
				A82DAEFE2C20881B00E18665 /* Components */,
				A82DAEFC2C20881800E18665 /* HomeView.swift */,
				A84E30912C217CC4002F6E0A /* CameraView.swift */,
			);
			path = Views;
			sourceTree = "<group>";
		};
		A82DAEFE2C20881B00E18665 /* Components */ = {
			isa = PBXGroup;
			children = (
				A8C283892C20E36B00506A5B /* Effects List View */,
			);
			path = Components;
			sourceTree = "<group>";
		};
		A82DAEFF2C20889300E18665 /* TabBar */ = {
			isa = PBXGroup;
			children = (
				A82DAF002C20889F00E18665 /* TabBarView.swift */,
				A82DAF022C2088A900E18665 /* Tabs.swift */,
			);
			path = TabBar;
			sourceTree = "<group>";
		};
		A8610C372C21F5000042CACC /* Managers */ = {
			isa = PBXGroup;
			children = (
				A84E30932C21907E002F6E0A /* CameraManager.swift */,
				A8610C442C2224ED0042CACC /* StorageManager.swift */,
			);
			path = Managers;
			sourceTree = "<group>";
		};
		A8610C382C21F5980042CACC /* Recently */ = {
			isa = PBXGroup;
			children = (
				A8610C3B2C21F5AA0042CACC /* Views */,
				A8610C3A2C21F5A60042CACC /* Models */,
				A8610C392C21F59D0042CACC /* ViewModels */,
			);
			path = Recently;
			sourceTree = "<group>";
		};
		A8610C392C21F59D0042CACC /* ViewModels */ = {
			isa = PBXGroup;
			children = (
				A8610C482C222A7C0042CACC /* RecentlyViewModel.swift */,
			);
			path = ViewModels;
			sourceTree = "<group>";
		};
		A8610C3A2C21F5A60042CACC /* Models */ = {
			isa = PBXGroup;
			children = (
				A8610C462C2228590042CACC /* ImageModel.swift */,
			);
			path = Models;
			sourceTree = "<group>";
		};
		A8610C3B2C21F5AA0042CACC /* Views */ = {
			isa = PBXGroup;
			children = (
				A8610C4A2C222BC20042CACC /* Components */,
				A8610C422C2224D30042CACC /* RecentlyView.swift */,
			);
			path = Views;
			sourceTree = "<group>";
		};
		A8610C4A2C222BC20042CACC /* Components */ = {
			isa = PBXGroup;
			children = (
				A8610C4B2C222BC80042CACC /* Images List View */,
			);
			path = Components;
			sourceTree = "<group>";
		};
		A8610C4B2C222BC80042CACC /* Images List View */ = {
			isa = PBXGroup;
			children = (
				A8610C4C2C222BD60042CACC /* ImageCellView.swift */,
				A8610C4E2C222BE00042CACC /* ImagesListView.swift */,
			);
			path = "Images List View";
			sourceTree = "<group>";
		};
		A8610C542C22C6E30042CACC /* Custom TextField */ = {
			isa = PBXGroup;
			children = (
				A8610C552C22C6F60042CACC /* CustomTextField.swift */,
			);
			path = "Custom TextField";
			sourceTree = "<group>";
		};
		A8C283552C20BEFE00506A5B /* Components */ = {
			isa = PBXGroup;
			children = (
				A8C283832C20DA0600506A5B /* UIKit -> SwiftUI */,
				A82DAEFF2C20889300E18665 /* TabBar */,
				A82DAF062C208EEB00E18665 /* CustomBlurView.swift */,
				A8610C3C2C21F7CC0042CACC /* CustomAlertView.swift */,
				A8610C3E2C21F9AA0042CACC /* CustomButton.swift */,
			);
			path = Components;
			sourceTree = "<group>";
		};
		A8C2835A2C20CE6300506A5B /* DeepAR Effects */ = {
			isa = PBXGroup;
			children = (
				A8C2837B2C20CE8E00506A5B /* Effects */,
				A8C2837C2C20CEA400506A5B /* DeepAREffect.swift */,
			);
			path = "DeepAR Effects";
			sourceTree = "<group>";
		};
		A8C2837B2C20CE8E00506A5B /* Effects */ = {
			isa = PBXGroup;
			children = (
				A8C283692C20CE7400506A5B /* Emotion_Meter.deepar */,
				A8C2836A2C20CE7400506A5B /* Emotions_Exaggerator.deepar */,
				A8C283652C20CE7300506A5B /* Fire_Effect.deepar */,
				A8C2835D2C20CE7300506A5B /* flower_face.deepar */,
				A8C283662C20CE7300506A5B /* galaxy_background.deepar */,
				A8C283642C20CE7300506A5B /* Hope.deepar */,
				A8C283612C20CE7300506A5B /* MakeupLook.deepar */,
				A8C283622C20CE7300506A5B /* Neon_Devil_Horns.deepar */,
				A8C283602C20CE7300506A5B /* Ping_Pong.deepar */,
				A8C2835C2C20CE7300506A5B /* Pixel_Hearts.deepar */,
				A8C2835B2C20CE7300506A5B /* ray-ban-wayfarer.deepar */,
				A8C283632C20CE7300506A5B /* Snail.deepar */,
				A8C283672C20CE7400506A5B /* Split_View_Look.deepar */,
				A8C283682C20CE7400506A5B /* Stallone.deepar */,
				A8C2835E2C20CE7300506A5B /* Vendetta_Mask.deepar */,
				A8C2835F2C20CE7300506A5B /* viking_helmet.deepar */,
			);
			path = Effects;
			sourceTree = "<group>";
		};
		A8C2837E2C20D41300506A5B /* Extensions */ = {
			isa = PBXGroup;
			children = (
				A8C2837F2C20D42500506A5B /* CIImage + Extension.swift */,
			);
			path = Extensions;
			sourceTree = "<group>";
		};
		A8C283832C20DA0600506A5B /* UIKit -> SwiftUI */ = {
			isa = PBXGroup;
			children = (
				A8610C542C22C6E30042CACC /* Custom TextField */,
				A8C283842C20DA1E00506A5B /* DeepAR */,
			);
			path = "UIKit -> SwiftUI";
			sourceTree = "<group>";
		};
		A8C283842C20DA1E00506A5B /* DeepAR */ = {
			isa = PBXGroup;
			children = (
				A8C283562C20BF4300506A5B /* DeepARSwiftUIView.swift */,
				A8C283852C20DA2900506A5B /* DeepARViewController.swift */,
			);
			path = DeepAR;
			sourceTree = "<group>";
		};
		A8C283892C20E36B00506A5B /* Effects List View */ = {
			isa = PBXGroup;
			children = (
				A8C283872C20E35F00506A5B /* EffectCellView.swift */,
				A8C2838A2C20E37C00506A5B /* EffectsListView.swift */,
			);
			path = "Effects List View";
			sourceTree = "<group>";
		};
/* End PBXGroup section */

/* Begin PBXNativeTarget section */
		A82DAEDB2C2083F500E18665 /* FaceMemoApp */ = {
			isa = PBXNativeTarget;
			buildConfigurationList = A82DAEEF2C2083F600E18665 /* Build configuration list for PBXNativeTarget "FaceMemoApp" */;
			buildPhases = (
				A82DAED82C2083F500E18665 /* Sources */,
				A82DAED92C2083F500E18665 /* Frameworks */,
				A82DAEDA2C2083F500E18665 /* Resources */,
			);
			buildRules = (
			);
			dependencies = (
			);
			name = FaceMemoApp;
			packageProductDependencies = (
				A8C2834E2C20BDB100506A5B /* StreamVideo */,
				A8C283502C20BDB100506A5B /* StreamVideoSwiftUI */,
				A8C283532C20BEEA00506A5B /* DeepAR */,
			);
			productName = FaceMemoApp;
			productReference = A82DAEDC2C2083F500E18665 /* FaceMemoApp.app */;
			productType = "com.apple.product-type.application";
		};
/* End PBXNativeTarget section */

/* Begin PBXProject section */
		A82DAED42C2083F500E18665 /* Project object */ = {
			isa = PBXProject;
			attributes = {
				BuildIndependentTargetsInParallel = 1;
				LastSwiftUpdateCheck = 1530;
				LastUpgradeCheck = 1530;
				TargetAttributes = {
					A82DAEDB2C2083F500E18665 = {
						CreatedOnToolsVersion = 15.3;
					};
				};
			};
			buildConfigurationList = A82DAED72C2083F500E18665 /* Build configuration list for PBXProject "FaceMemoApp" */;
			compatibilityVersion = "Xcode 14.0";
			developmentRegion = en;
			hasScannedForEncodings = 0;
			knownRegions = (
				en,
				Base,
			);
			mainGroup = A82DAED32C2083F500E18665;
			packageReferences = (
				A8C2834D2C20BDB100506A5B /* XCRemoteSwiftPackageReference "stream-video-swift" */,
				A8C283522C20BEEA00506A5B /* XCRemoteSwiftPackageReference "swift-deepar" */,
			);
			productRefGroup = A82DAEDD2C2083F500E18665 /* Products */;
			projectDirPath = "";
			projectRoot = "";
			targets = (
				A82DAEDB2C2083F500E18665 /* FaceMemoApp */,
			);
		};
/* End PBXProject section */

/* Begin PBXResourcesBuildPhase section */
		A82DAEDA2C2083F500E18665 /* Resources */ = {
			isa = PBXResourcesBuildPhase;
			buildActionMask = 2147483647;
			files = (
				A8C283782C20CE7400506A5B /* Stallone.deepar in Resources */,
				A8C283702C20CE7400506A5B /* Ping_Pong.deepar in Resources */,
				A82DAEE72C2083F600E18665 /* Preview Assets.xcassets in Resources */,
				A8C283752C20CE7400506A5B /* Fire_Effect.deepar in Resources */,
				A8C283722C20CE7400506A5B /* Neon_Devil_Horns.deepar in Resources */,
				A8C283772C20CE7400506A5B /* Split_View_Look.deepar in Resources */,
				A8C2836E2C20CE7400506A5B /* Vendetta_Mask.deepar in Resources */,
				A8C2836F2C20CE7400506A5B /* viking_helmet.deepar in Resources */,
				A82DAEE42C2083F600E18665 /* Assets.xcassets in Resources */,
				A8C283742C20CE7400506A5B /* Hope.deepar in Resources */,
				A8C2837A2C20CE7400506A5B /* Emotions_Exaggerator.deepar in Resources */,
				A8C283762C20CE7400506A5B /* galaxy_background.deepar in Resources */,
				A8C283792C20CE7400506A5B /* Emotion_Meter.deepar in Resources */,
				A8C2836C2C20CE7400506A5B /* Pixel_Hearts.deepar in Resources */,
				A8C283732C20CE7400506A5B /* Snail.deepar in Resources */,
				A8C283712C20CE7400506A5B /* MakeupLook.deepar in Resources */,
				A8C2836D2C20CE7400506A5B /* flower_face.deepar in Resources */,
				A8C2836B2C20CE7400506A5B /* ray-ban-wayfarer.deepar in Resources */,
			);
			runOnlyForDeploymentPostprocessing = 0;
		};
/* End PBXResourcesBuildPhase section */

/* Begin PBXSourcesBuildPhase section */
		A82DAED82C2083F500E18665 /* Sources */ = {
			isa = PBXSourcesBuildPhase;
			buildActionMask = 2147483647;
			files = (
				A8610C562C22C6F60042CACC /* CustomTextField.swift in Sources */,
				A8610C3F2C21F9AA0042CACC /* CustomButton.swift in Sources */,
				A8C283882C20E35F00506A5B /* EffectCellView.swift in Sources */,
				A8610C432C2224D30042CACC /* RecentlyView.swift in Sources */,
				A8610C452C2224ED0042CACC /* StorageManager.swift in Sources */,
				A82DAF032C2088A900E18665 /* Tabs.swift in Sources */,
				A82DAEE92C2083F600E18665 /* Persistence.swift in Sources */,
				A84E30922C217CC4002F6E0A /* CameraView.swift in Sources */,
				A82DAEE22C2083F500E18665 /* ContentView.swift in Sources */,
				A8C2838B2C20E37C00506A5B /* EffectsListView.swift in Sources */,
				A8C283862C20DA2900506A5B /* DeepARViewController.swift in Sources */,
				A8610C532C222ED20042CACC /* HomeViewModel.swift in Sources */,
				A8C2837D2C20CEA400506A5B /* DeepAREffect.swift in Sources */,
				A8610C472C2228590042CACC /* ImageModel.swift in Sources */,
				A8610C4D2C222BD60042CACC /* ImageCellView.swift in Sources */,
				A84E30942C21907E002F6E0A /* CameraManager.swift in Sources */,
				A8610C512C222E860042CACC /* StorageDelegate.swift in Sources */,
				A8C283572C20BF4300506A5B /* DeepARSwiftUIView.swift in Sources */,
				A82DAEEC2C2083F600E18665 /* FaceMemoApp.xcdatamodeld in Sources */,
				A82DAEFD2C20881800E18665 /* HomeView.swift in Sources */,
				A8610C3D2C21F7CC0042CACC /* CustomAlertView.swift in Sources */,
				A82DAF012C20889F00E18665 /* TabBarView.swift in Sources */,
				A8610C4F2C222BE00042CACC /* ImagesListView.swift in Sources */,
				A8C283802C20D42500506A5B /* CIImage + Extension.swift in Sources */,
				A82DAF072C208EEB00E18665 /* CustomBlurView.swift in Sources */,
				A82DAEE02C2083F500E18665 /* FaceMemoApp.swift in Sources */,
				A82DAF052C208AD100E18665 /* Constants.swift in Sources */,
				A8610C492C222A7C0042CACC /* RecentlyViewModel.swift in Sources */,
			);
			runOnlyForDeploymentPostprocessing = 0;
		};
/* End PBXSourcesBuildPhase section */

/* Begin XCBuildConfiguration section */
		A82DAEED2C2083F600E18665 /* Debug */ = {
			isa = XCBuildConfiguration;
			buildSettings = {
				ALWAYS_SEARCH_USER_PATHS = NO;
				ASSETCATALOG_COMPILER_GENERATE_SWIFT_ASSET_SYMBOL_EXTENSIONS = YES;
				CLANG_ANALYZER_NONNULL = YES;
				CLANG_ANALYZER_NUMBER_OBJECT_CONVERSION = YES_AGGRESSIVE;
				CLANG_CXX_LANGUAGE_STANDARD = "gnu++20";
				CLANG_ENABLE_MODULES = YES;
				CLANG_ENABLE_OBJC_ARC = YES;
				CLANG_ENABLE_OBJC_WEAK = YES;
				CLANG_WARN_BLOCK_CAPTURE_AUTORELEASING = YES;
				CLANG_WARN_BOOL_CONVERSION = YES;
				CLANG_WARN_COMMA = YES;
				CLANG_WARN_CONSTANT_CONVERSION = YES;
				CLANG_WARN_DEPRECATED_OBJC_IMPLEMENTATIONS = YES;
				CLANG_WARN_DIRECT_OBJC_ISA_USAGE = YES_ERROR;
				CLANG_WARN_DOCUMENTATION_COMMENTS = YES;
				CLANG_WARN_EMPTY_BODY = YES;
				CLANG_WARN_ENUM_CONVERSION = YES;
				CLANG_WARN_INFINITE_RECURSION = YES;
				CLANG_WARN_INT_CONVERSION = YES;
				CLANG_WARN_NON_LITERAL_NULL_CONVERSION = YES;
				CLANG_WARN_OBJC_IMPLICIT_RETAIN_SELF = YES;
				CLANG_WARN_OBJC_LITERAL_CONVERSION = YES;
				CLANG_WARN_OBJC_ROOT_CLASS = YES_ERROR;
				CLANG_WARN_QUOTED_INCLUDE_IN_FRAMEWORK_HEADER = YES;
				CLANG_WARN_RANGE_LOOP_ANALYSIS = YES;
				CLANG_WARN_STRICT_PROTOTYPES = YES;
				CLANG_WARN_SUSPICIOUS_MOVE = YES;
				CLANG_WARN_UNGUARDED_AVAILABILITY = YES_AGGRESSIVE;
				CLANG_WARN_UNREACHABLE_CODE = YES;
				CLANG_WARN__DUPLICATE_METHOD_MATCH = YES;
				COPY_PHASE_STRIP = NO;
				DEBUG_INFORMATION_FORMAT = dwarf;
				ENABLE_STRICT_OBJC_MSGSEND = YES;
				ENABLE_TESTABILITY = YES;
				ENABLE_USER_SCRIPT_SANDBOXING = YES;
				GCC_C_LANGUAGE_STANDARD = gnu17;
				GCC_DYNAMIC_NO_PIC = NO;
				GCC_NO_COMMON_BLOCKS = YES;
				GCC_OPTIMIZATION_LEVEL = 0;
				GCC_PREPROCESSOR_DEFINITIONS = (
					"DEBUG=1",
					"$(inherited)",
				);
				GCC_WARN_64_TO_32_BIT_CONVERSION = YES;
				GCC_WARN_ABOUT_RETURN_TYPE = YES_ERROR;
				GCC_WARN_UNDECLARED_SELECTOR = YES;
				GCC_WARN_UNINITIALIZED_AUTOS = YES_AGGRESSIVE;
				GCC_WARN_UNUSED_FUNCTION = YES;
				GCC_WARN_UNUSED_VARIABLE = YES;
				IPHONEOS_DEPLOYMENT_TARGET = 17.4;
				LOCALIZATION_PREFERS_STRING_CATALOGS = YES;
				MTL_ENABLE_DEBUG_INFO = INCLUDE_SOURCE;
				MTL_FAST_MATH = YES;
				ONLY_ACTIVE_ARCH = YES;
				SDKROOT = iphoneos;
				SWIFT_ACTIVE_COMPILATION_CONDITIONS = "DEBUG $(inherited)";
				SWIFT_OPTIMIZATION_LEVEL = "-Onone";
			};
			name = Debug;
		};
		A82DAEEE2C2083F600E18665 /* Release */ = {
			isa = XCBuildConfiguration;
			buildSettings = {
				ALWAYS_SEARCH_USER_PATHS = NO;
				ASSETCATALOG_COMPILER_GENERATE_SWIFT_ASSET_SYMBOL_EXTENSIONS = YES;
				CLANG_ANALYZER_NONNULL = YES;
				CLANG_ANALYZER_NUMBER_OBJECT_CONVERSION = YES_AGGRESSIVE;
				CLANG_CXX_LANGUAGE_STANDARD = "gnu++20";
				CLANG_ENABLE_MODULES = YES;
				CLANG_ENABLE_OBJC_ARC = YES;
				CLANG_ENABLE_OBJC_WEAK = YES;
				CLANG_WARN_BLOCK_CAPTURE_AUTORELEASING = YES;
				CLANG_WARN_BOOL_CONVERSION = YES;
				CLANG_WARN_COMMA = YES;
				CLANG_WARN_CONSTANT_CONVERSION = YES;
				CLANG_WARN_DEPRECATED_OBJC_IMPLEMENTATIONS = YES;
				CLANG_WARN_DIRECT_OBJC_ISA_USAGE = YES_ERROR;
				CLANG_WARN_DOCUMENTATION_COMMENTS = YES;
				CLANG_WARN_EMPTY_BODY = YES;
				CLANG_WARN_ENUM_CONVERSION = YES;
				CLANG_WARN_INFINITE_RECURSION = YES;
				CLANG_WARN_INT_CONVERSION = YES;
				CLANG_WARN_NON_LITERAL_NULL_CONVERSION = YES;
				CLANG_WARN_OBJC_IMPLICIT_RETAIN_SELF = YES;
				CLANG_WARN_OBJC_LITERAL_CONVERSION = YES;
				CLANG_WARN_OBJC_ROOT_CLASS = YES_ERROR;
				CLANG_WARN_QUOTED_INCLUDE_IN_FRAMEWORK_HEADER = YES;
				CLANG_WARN_RANGE_LOOP_ANALYSIS = YES;
				CLANG_WARN_STRICT_PROTOTYPES = YES;
				CLANG_WARN_SUSPICIOUS_MOVE = YES;
				CLANG_WARN_UNGUARDED_AVAILABILITY = YES_AGGRESSIVE;
				CLANG_WARN_UNREACHABLE_CODE = YES;
				CLANG_WARN__DUPLICATE_METHOD_MATCH = YES;
				COPY_PHASE_STRIP = NO;
				DEBUG_INFORMATION_FORMAT = "dwarf-with-dsym";
				ENABLE_NS_ASSERTIONS = NO;
				ENABLE_STRICT_OBJC_MSGSEND = YES;
				ENABLE_USER_SCRIPT_SANDBOXING = YES;
				GCC_C_LANGUAGE_STANDARD = gnu17;
				GCC_NO_COMMON_BLOCKS = YES;
				GCC_WARN_64_TO_32_BIT_CONVERSION = YES;
				GCC_WARN_ABOUT_RETURN_TYPE = YES_ERROR;
				GCC_WARN_UNDECLARED_SELECTOR = YES;
				GCC_WARN_UNINITIALIZED_AUTOS = YES_AGGRESSIVE;
				GCC_WARN_UNUSED_FUNCTION = YES;
				GCC_WARN_UNUSED_VARIABLE = YES;
				IPHONEOS_DEPLOYMENT_TARGET = 17.4;
				LOCALIZATION_PREFERS_STRING_CATALOGS = YES;
				MTL_ENABLE_DEBUG_INFO = NO;
				MTL_FAST_MATH = YES;
				SDKROOT = iphoneos;
				SWIFT_COMPILATION_MODE = wholemodule;
				VALIDATE_PRODUCT = YES;
			};
			name = Release;
		};
		A82DAEF02C2083F600E18665 /* Debug */ = {
			isa = XCBuildConfiguration;
			buildSettings = {
				ASSETCATALOG_COMPILER_APPICON_NAME = AppIcon;
				ASSETCATALOG_COMPILER_GLOBAL_ACCENT_COLOR_NAME = AccentColor;
				CODE_SIGN_STYLE = Automatic;
				CURRENT_PROJECT_VERSION = 1;
				DEVELOPMENT_ASSET_PATHS = "\"FaceMemoApp/Preview Content\"";
				DEVELOPMENT_TEAM = KHK9MG7Z64;
				ENABLE_PREVIEWS = YES;
				GENERATE_INFOPLIST_FILE = YES;
				INFOPLIST_KEY_NSCameraUsageDescription = "We need to have access to your camera to use filters.";
				INFOPLIST_KEY_NSMicrophoneUsageDescription = "We need to have access to your microphone to use filters properly.";
				INFOPLIST_KEY_NSPhotoLibraryAddUsageDescription = "We need access to your photo libraries to save captured photos.";
				INFOPLIST_KEY_UIApplicationSceneManifest_Generation = YES;
				INFOPLIST_KEY_UIApplicationSupportsIndirectInputEvents = YES;
				INFOPLIST_KEY_UILaunchScreen_Generation = YES;
				INFOPLIST_KEY_UISupportedInterfaceOrientations = UIInterfaceOrientationPortrait;
				INFOPLIST_KEY_UISupportedInterfaceOrientations_iPad = "UIInterfaceOrientationLandscapeLeft UIInterfaceOrientationLandscapeRight UIInterfaceOrientationPortrait UIInterfaceOrientationPortraitUpsideDown";
				IPHONEOS_DEPLOYMENT_TARGET = 16.0;
				LD_RUNPATH_SEARCH_PATHS = (
					"$(inherited)",
					"@executable_path/Frameworks",
				);
				MARKETING_VERSION = 1.0;
				PRODUCT_BUNDLE_IDENTIFIER = com.khan.FaceMemo;
				PRODUCT_NAME = "$(TARGET_NAME)";
				SUPPORTED_PLATFORMS = "iphoneos iphonesimulator";
				SUPPORTS_MACCATALYST = NO;
				SUPPORTS_MAC_DESIGNED_FOR_IPHONE_IPAD = NO;
				SUPPORTS_XR_DESIGNED_FOR_IPHONE_IPAD = NO;
				SWIFT_EMIT_LOC_STRINGS = YES;
				SWIFT_VERSION = 5.0;
				TARGETED_DEVICE_FAMILY = "1,2";
			};
			name = Debug;
		};
		A82DAEF12C2083F600E18665 /* Release */ = {
			isa = XCBuildConfiguration;
			buildSettings = {
				ASSETCATALOG_COMPILER_APPICON_NAME = AppIcon;
				ASSETCATALOG_COMPILER_GLOBAL_ACCENT_COLOR_NAME = AccentColor;
				CODE_SIGN_STYLE = Automatic;
				CURRENT_PROJECT_VERSION = 1;
				DEVELOPMENT_ASSET_PATHS = "\"FaceMemoApp/Preview Content\"";
				DEVELOPMENT_TEAM = KHK9MG7Z64;
				ENABLE_PREVIEWS = YES;
				GENERATE_INFOPLIST_FILE = YES;
				INFOPLIST_KEY_NSCameraUsageDescription = "We need to have access to your camera to use filters.";
				INFOPLIST_KEY_NSMicrophoneUsageDescription = "We need to have access to your microphone to use filters properly.";
				INFOPLIST_KEY_NSPhotoLibraryAddUsageDescription = "We need access to your photo libraries to save captured photos.";
				INFOPLIST_KEY_UIApplicationSceneManifest_Generation = YES;
				INFOPLIST_KEY_UIApplicationSupportsIndirectInputEvents = YES;
				INFOPLIST_KEY_UILaunchScreen_Generation = YES;
				INFOPLIST_KEY_UISupportedInterfaceOrientations = UIInterfaceOrientationPortrait;
				INFOPLIST_KEY_UISupportedInterfaceOrientations_iPad = "UIInterfaceOrientationLandscapeLeft UIInterfaceOrientationLandscapeRight UIInterfaceOrientationPortrait UIInterfaceOrientationPortraitUpsideDown";
				IPHONEOS_DEPLOYMENT_TARGET = 16.0;
				LD_RUNPATH_SEARCH_PATHS = (
					"$(inherited)",
					"@executable_path/Frameworks",
				);
				MARKETING_VERSION = 1.0;
				PRODUCT_BUNDLE_IDENTIFIER = com.khan.FaceMemo;
				PRODUCT_NAME = "$(TARGET_NAME)";
				SUPPORTED_PLATFORMS = "iphoneos iphonesimulator";
				SUPPORTS_MACCATALYST = NO;
				SUPPORTS_MAC_DESIGNED_FOR_IPHONE_IPAD = NO;
				SUPPORTS_XR_DESIGNED_FOR_IPHONE_IPAD = NO;
				SWIFT_EMIT_LOC_STRINGS = YES;
				SWIFT_VERSION = 5.0;
				TARGETED_DEVICE_FAMILY = "1,2";
			};
			name = Release;
		};
/* End XCBuildConfiguration section */

/* Begin XCConfigurationList section */
		A82DAED72C2083F500E18665 /* Build configuration list for PBXProject "FaceMemoApp" */ = {
			isa = XCConfigurationList;
			buildConfigurations = (
				A82DAEED2C2083F600E18665 /* Debug */,
				A82DAEEE2C2083F600E18665 /* Release */,
			);
			defaultConfigurationIsVisible = 0;
			defaultConfigurationName = Release;
		};
		A82DAEEF2C2083F600E18665 /* Build configuration list for PBXNativeTarget "FaceMemoApp" */ = {
			isa = XCConfigurationList;
			buildConfigurations = (
				A82DAEF02C2083F600E18665 /* Debug */,
				A82DAEF12C2083F600E18665 /* Release */,
			);
			defaultConfigurationIsVisible = 0;
			defaultConfigurationName = Release;
		};
/* End XCConfigurationList section */

/* Begin XCRemoteSwiftPackageReference section */
		A8C2834D2C20BDB100506A5B /* XCRemoteSwiftPackageReference "stream-video-swift" */ = {
			isa = XCRemoteSwiftPackageReference;
			repositoryURL = "https://github.com/GetStream/stream-video-swift";
			requirement = {
				kind = upToNextMajorVersion;
				minimumVersion = 1.0.7;
			};
		};
		A8C283522C20BEEA00506A5B /* XCRemoteSwiftPackageReference "swift-deepar" */ = {
			isa = XCRemoteSwiftPackageReference;
			repositoryURL = "https://github.com/DeepARSDK/swift-deepar";
			requirement = {
				kind = upToNextMajorVersion;
				minimumVersion = 5.6.5;
			};
		};
/* End XCRemoteSwiftPackageReference section */

/* Begin XCSwiftPackageProductDependency section */
		A8C2834E2C20BDB100506A5B /* StreamVideo */ = {
			isa = XCSwiftPackageProductDependency;
			package = A8C2834D2C20BDB100506A5B /* XCRemoteSwiftPackageReference "stream-video-swift" */;
			productName = StreamVideo;
		};
		A8C283502C20BDB100506A5B /* StreamVideoSwiftUI */ = {
			isa = XCSwiftPackageProductDependency;
			package = A8C2834D2C20BDB100506A5B /* XCRemoteSwiftPackageReference "stream-video-swift" */;
			productName = StreamVideoSwiftUI;
		};
		A8C283532C20BEEA00506A5B /* DeepAR */ = {
			isa = XCSwiftPackageProductDependency;
			package = A8C283522C20BEEA00506A5B /* XCRemoteSwiftPackageReference "swift-deepar" */;
			productName = DeepAR;
		};
/* End XCSwiftPackageProductDependency section */

/* Begin XCVersionGroup section */
		A82DAEEA2C2083F600E18665 /* FaceMemoApp.xcdatamodeld */ = {
			isa = XCVersionGroup;
			children = (
				A82DAEEB2C2083F600E18665 /* FaceMemoApp.xcdatamodel */,
			);
			currentVersion = A82DAEEB2C2083F600E18665 /* FaceMemoApp.xcdatamodel */;
			path = FaceMemoApp.xcdatamodeld;
			sourceTree = "<group>";
			versionGroupType = wrapper.xcdatamodel;
		};
/* End XCVersionGroup section */
	};
	rootObject = A82DAED42C2083F500E18665 /* Project object */;
}
